
Microsoft Visual Studio Solution File, Format Version 12.00
# Visual Studio 14
VisualStudioVersion = 14.0.22823.1
MinimumVisualStudioVersion = 10.0.40219.1
Project("{FAE04EC0-301F-11D3-BF4B-00C04F79EFBC}") = "Theater", "Theater\Theater.csproj", "{E401EBCE-27BD-467F-8826-C87F9D8F454C}"
EndProject
Project("{2150E333-8FDC-42A3-9474-1A3956D46DE8}") = "Samples", "Samples", "{8A673E8B-B948-4797-8715-53F46D6A3534}"
EndProject
Project("{FAE04EC0-301F-11D3-BF4B-00C04F79EFBC}") = "PingPong", "Samples\PingPong\PingPong.csproj", "{1CD8990C-5162-417D-B679-E7BB9990B052}"
EndProject
Global
	GlobalSection(SolutionConfigurationPlatforms) = preSolution
		Debug|Any CPU = Debug|Any CPU
		Release|Any CPU = Release|Any CPU
	EndGlobalSection
	GlobalSection(ProjectConfigurationPlatforms) = postSolution
		{E401EBCE-27BD-467F-8826-C87F9D8F454C}.Debug|Any CPU.ActiveCfg = Debug|Any CPU
		{E401EBCE-27BD-467F-8826-C87F9D8F454C}.Debug|Any CPU.Build.0 = Debug|Any CPU
		{E401EBCE-27BD-467F-8826-C87F9D8F454C}.Release|Any CPU.ActiveCfg = Release|Any CPU
		{E401EBCE-27BD-467F-8826-C87F9D8F454C}.Release|Any CPU.Build.0 = Release|Any CPU
		{1CD8990C-5162-417D-B679-E7BB9990B052}.Debug|Any CPU.ActiveCfg = Debug|Any CPU
		{1CD8990C-5162-417D-B679-E7BB9990B052}.Debug|Any CPU.Build.0 = Debug|Any CPU
		{1CD8990C-5162-417D-B679-E7BB9990B052}.Release|Any CPU.ActiveCfg = Release|Any CPU
		{1CD8990C-5162-417D-B679-E7BB9990B052}.Release|Any CPU.Build.0 = Release|Any CPU
	EndGlobalSection
	GlobalSection(SolutionProperties) = preSolution
		HideSolutionNode = FALSE
	EndGlobalSection
	GlobalSection(NestedProjects) = preSolution
		{1CD8990C-5162-417D-B679-E7BB9990B052} = {8A673E8B-B948-4797-8715-53F46D6A3534}
	EndGlobalSection
EndGlobal
